PODS:
  - Category_Mine (0.1.2):
    - CTMediator
  - CTMediator (44)

DEPENDENCIES:
  - Category_Mine (from `../`)
  - CTMediator

SPEC REPOS:
  trunk:
    - CTMediator

EXTERNAL SOURCES:
  Category_Mine:
    :path: "../"

SPEC CHECKSUMS:
  Category_Mine: 5ba71d1ec85790ef4f543abdb28b5476ad585aac
  CTMediator: 933dba523da87bf875e4a7e8728945fbc512f1d2

PODFILE CHECKSUM: f0621ed03999dee38695387fb0b807de7fac1e35

COCOAPODS: 1.9.3
